
Microsoft Visual Studio Solution File, Format Version 12.00
# Visual Studio Version 17
VisualStudioVersion = 17.4.33213.308
MinimumVisualStudioVersion = 10.0.40219.1
Project("{9A19103F-16F7-4668-BE54-9A1E7A4F7556}") = "Temperature.Domain", "src\Temperature.Domain\Temperature.Domain.csproj", "{9DCBF2BE-A4E9-4987-9688-B19D66E89652}"
EndProject
Project("{9A19103F-16F7-4668-BE54-9A1E7A4F7556}") = "Temperature.Domain.Tests", "test\Temperature.Domain.Tests\Temperature.Domain.Tests.csproj", "{2A3E50AD-DC00-4B3A-A16D-D596BF5445C8}"
EndProject
Project("{9A19103F-16F7-4668-BE54-9A1E7A4F7556}") = "HelpersTests", "test\HelpersTests\HelpersTests.csproj", "{7AF4CF27-E870-4089-BE23-EB85B4421D38}"
EndProject
Project("{9A19103F-16F7-4668-BE54-9A1E7A4F7556}") = "Temperature.Infrastructure", "src\Temperature.Infrastructure\Temperature.Infrastructure.csproj", "{9744A0A0-FAFB-4922-B6D2-15024FAE1500}"
EndProject
Project("{9A19103F-16F7-4668-BE54-9A1E7A4F7556}") = "Temperature.Infrastructure.Tests", "test\Temperature.Infrastructure.Tests\Temperature.Infrastructure.Tests.csproj", "{20F929F6-C6BA-4858-AF85-1F3119855A24}"
EndProject
Project("{FAE04EC0-301F-11D3-BF4B-00C04F79EFBC}") = "Temperature.WebAPI", "src\Temperature.WebAPI\Temperature.WebAPI.csproj", "{4CB2BDD4-7EDD-4BE1-A8EB-5D7F5E33C833}"
EndProject
Project("{FAE04EC0-301F-11D3-BF4B-00C04F79EFBC}") = "Temperature.WebAPI.Tests", "test\Temperature.WebAPI.Tests\Temperature.WebAPI.Tests.csproj", "{20324AA9-7D90-4338-8394-CB2D3CAC9B23}"
EndProject
Global
	GlobalSection(SolutionConfigurationPlatforms) = preSolution
		Debug|Any CPU = Debug|Any CPU
		Release|Any CPU = Release|Any CPU
	EndGlobalSection
	GlobalSection(ProjectConfigurationPlatforms) = postSolution
		{9DCBF2BE-A4E9-4987-9688-B19D66E89652}.Debug|Any CPU.ActiveCfg = Debug|Any CPU
		{9DCBF2BE-A4E9-4987-9688-B19D66E89652}.Debug|Any CPU.Build.0 = Debug|Any CPU
		{9DCBF2BE-A4E9-4987-9688-B19D66E89652}.Release|Any CPU.ActiveCfg = Release|Any CPU
		{9DCBF2BE-A4E9-4987-9688-B19D66E89652}.Release|Any CPU.Build.0 = Release|Any CPU
		{2A3E50AD-DC00-4B3A-A16D-D596BF5445C8}.Debug|Any CPU.ActiveCfg = Debug|Any CPU
		{2A3E50AD-DC00-4B3A-A16D-D596BF5445C8}.Debug|Any CPU.Build.0 = Debug|Any CPU
		{2A3E50AD-DC00-4B3A-A16D-D596BF5445C8}.Release|Any CPU.ActiveCfg = Release|Any CPU
		{2A3E50AD-DC00-4B3A-A16D-D596BF5445C8}.Release|Any CPU.Build.0 = Release|Any CPU
		{7AF4CF27-E870-4089-BE23-EB85B4421D38}.Debug|Any CPU.ActiveCfg = Debug|Any CPU
		{7AF4CF27-E870-4089-BE23-EB85B4421D38}.Debug|Any CPU.Build.0 = Debug|Any CPU
		{7AF4CF27-E870-4089-BE23-EB85B4421D38}.Release|Any CPU.ActiveCfg = Release|Any CPU
		{7AF4CF27-E870-4089-BE23-EB85B4421D38}.Release|Any CPU.Build.0 = Release|Any CPU
		{9744A0A0-FAFB-4922-B6D2-15024FAE1500}.Debug|Any CPU.ActiveCfg = Debug|Any CPU
		{9744A0A0-FAFB-4922-B6D2-15024FAE1500}.Debug|Any CPU.Build.0 = Debug|Any CPU
		{9744A0A0-FAFB-4922-B6D2-15024FAE1500}.Release|Any CPU.ActiveCfg = Release|Any CPU
		{9744A0A0-FAFB-4922-B6D2-15024FAE1500}.Release|Any CPU.Build.0 = Release|Any CPU
		{20F929F6-C6BA-4858-AF85-1F3119855A24}.Debug|Any CPU.ActiveCfg = Debug|Any CPU
		{20F929F6-C6BA-4858-AF85-1F3119855A24}.Debug|Any CPU.Build.0 = Debug|Any CPU
		{20F929F6-C6BA-4858-AF85-1F3119855A24}.Release|Any CPU.ActiveCfg = Release|Any CPU
		{20F929F6-C6BA-4858-AF85-1F3119855A24}.Release|Any CPU.Build.0 = Release|Any CPU
		{4CB2BDD4-7EDD-4BE1-A8EB-5D7F5E33C833}.Debug|Any CPU.ActiveCfg = Debug|Any CPU
		{4CB2BDD4-7EDD-4BE1-A8EB-5D7F5E33C833}.Debug|Any CPU.Build.0 = Debug|Any CPU
		{4CB2BDD4-7EDD-4BE1-A8EB-5D7F5E33C833}.Release|Any CPU.ActiveCfg = Release|Any CPU
		{4CB2BDD4-7EDD-4BE1-A8EB-5D7F5E33C833}.Release|Any CPU.Build.0 = Release|Any CPU
		{20324AA9-7D90-4338-8394-CB2D3CAC9B23}.Debug|Any CPU.ActiveCfg = Debug|Any CPU
		{20324AA9-7D90-4338-8394-CB2D3CAC9B23}.Debug|Any CPU.Build.0 = Debug|Any CPU
		{20324AA9-7D90-4338-8394-CB2D3CAC9B23}.Release|Any CPU.ActiveCfg = Release|Any CPU
		{20324AA9-7D90-4338-8394-CB2D3CAC9B23}.Release|Any CPU.Build.0 = Release|Any CPU
	EndGlobalSection
	GlobalSection(SolutionProperties) = preSolution
		HideSolutionNode = FALSE
	EndGlobalSection
	GlobalSection(ExtensibilityGlobals) = postSolution
		SolutionGuid = {DD37070F-DAEB-4735-960E-D8B0BCD32328}
	EndGlobalSection
EndGlobal
